hash: 3035f1bfaae1370501edce9371d36434cbb706ed2f785e645067f17c3e8a8205
updated: 2018-03-30T10:03:45.568823553+08:00
imports:
- name: github.com/astaxie/beego
  version: f16688817aa428d10361394015b40d096b680542
  subpackages:
  - config
  - context
  - context/param
  - grace
  - logs
  - orm
  - session
  - toolbox
  - utils
- name: github.com/lib/pq
  version: d34b9ff171c21ad295489235aec8b6626023cd04
  subpackages:
  - oid
- name: gopkg.in/yaml.v2
  version: 5420a8b6744d3b0345ab293f6fcba19c978f1183
testImports:
- name: github.com/gopherjs/gopherjs
  version: 82b322028c96512b15077093b16a5f1c7ea897ac
  subpackages:
  - js
- name: github.com/jtolds/gls
  version: 77f18212c9c7edc9bd6a33d383a7b545ce62f064
- name: github.com/smartystreets/assertions
  version: 7678a5452ebea5b7090a6b163f844c133f523da2
  subpackages:
  - internal/go-render/render
  - internal/oglematchers
- name: github.com/smartystreets/goconvey
  version: ef6db91d284a0e7badaa1f0c404c30aa7dee3aed
  subpackages:
  - convey
  - convey/gotest
  - convey/reporting
